
Microsoft Visual Studio Solution File, Format Version 12.00
# Visual Studio Version 18
VisualStudioVersion = 18.1.11312.151
MinimumVisualStudioVersion = 10.0.40219.1
Project("{2150E333-8FDC-42A3-9474-1A3956D46DE8}") = "src", "src", "{02EA681E-C7D8-13C7-8484-4AC65E1B71E8}"
EndProject
Project("{FAE04EC0-301F-11D3-BF4B-00C04F79EFBC}") = "YudaSPCWebApplication.WebPortal", "src\YudaSPCWebApplication.WebPortal\YudaSPCWebApplication.WebPortal.csproj", "{F25F171D-CA68-44B9-AFA4-8DB001AE628F}"
EndProject
Project("{FAE04EC0-301F-11D3-BF4B-00C04F79EFBC}") = "YudaSPCWebApplication.ViewModels", "src\YudaSPCWebApplication.ViewModels\YudaSPCWebApplication.ViewModels.csproj", "{6D45C8A8-8BEE-4840-83BA-5340A073D246}"
EndProject
Project("{2150E333-8FDC-42A3-9474-1A3956D46DE8}") = "Solution Items", "Solution Items", "{8EC462FD-D22E-90A8-E5CE-7E832BA40C5D}"
	ProjectSection(SolutionItems) = preProject
		.gitignore = .gitignore
		README.md = README.md
	EndProjectSection
EndProject
Project("{2150E333-8FDC-42A3-9474-1A3956D46DE8}") = "resources", "resources", "{5FDEFC88-2E12-4AD0-974D-E9AD52DD1CDB}"
EndProject
Project("{FAE04EC0-301F-11D3-BF4B-00C04F79EFBC}") = "YudaSPCWebApplication.BackendServer", "src\YudaSPCWebApplication.BackendServer\YudaSPCWebApplication.BackendServer.csproj", "{82DE234E-8687-4A49-A4F5-F150A4E3452D}"
EndProject
Project("{2150E333-8FDC-42A3-9474-1A3956D46DE8}") = "Tests", "Tests", "{9D33FA8E-8173-436C-9B0F-4892C9DFEE21}"
EndProject
Project("{FAE04EC0-301F-11D3-BF4B-00C04F79EFBC}") = "YudaSPCWebApplication.BackendServer.UnitTest", "test\YudaSPCWebApplication.BackendServer.UnitTests\YudaSPCWebApplication.BackendServer.UnitTest.csproj", "{161D3FB0-21BC-424A-89AE-FBA3B75AE925}"
EndProject
Global
	GlobalSection(SolutionConfigurationPlatforms) = preSolution
		Debug|Any CPU = Debug|Any CPU
		Release|Any CPU = Release|Any CPU
	EndGlobalSection
	GlobalSection(ProjectConfigurationPlatforms) = postSolution
		{F25F171D-CA68-44B9-AFA4-8DB001AE628F}.Debug|Any CPU.ActiveCfg = Debug|Any CPU
		{F25F171D-CA68-44B9-AFA4-8DB001AE628F}.Debug|Any CPU.Build.0 = Debug|Any CPU
		{F25F171D-CA68-44B9-AFA4-8DB001AE628F}.Release|Any CPU.ActiveCfg = Release|Any CPU
		{F25F171D-CA68-44B9-AFA4-8DB001AE628F}.Release|Any CPU.Build.0 = Release|Any CPU
		{6D45C8A8-8BEE-4840-83BA-5340A073D246}.Debug|Any CPU.ActiveCfg = Debug|Any CPU
		{6D45C8A8-8BEE-4840-83BA-5340A073D246}.Debug|Any CPU.Build.0 = Debug|Any CPU
		{6D45C8A8-8BEE-4840-83BA-5340A073D246}.Release|Any CPU.ActiveCfg = Release|Any CPU
		{6D45C8A8-8BEE-4840-83BA-5340A073D246}.Release|Any CPU.Build.0 = Release|Any CPU
		{82DE234E-8687-4A49-A4F5-F150A4E3452D}.Debug|Any CPU.ActiveCfg = Debug|Any CPU
		{82DE234E-8687-4A49-A4F5-F150A4E3452D}.Debug|Any CPU.Build.0 = Debug|Any CPU
		{82DE234E-8687-4A49-A4F5-F150A4E3452D}.Release|Any CPU.ActiveCfg = Release|Any CPU
		{82DE234E-8687-4A49-A4F5-F150A4E3452D}.Release|Any CPU.Build.0 = Release|Any CPU
		{161D3FB0-21BC-424A-89AE-FBA3B75AE925}.Debug|Any CPU.ActiveCfg = Debug|Any CPU
		{161D3FB0-21BC-424A-89AE-FBA3B75AE925}.Debug|Any CPU.Build.0 = Debug|Any CPU
		{161D3FB0-21BC-424A-89AE-FBA3B75AE925}.Release|Any CPU.ActiveCfg = Release|Any CPU
		{161D3FB0-21BC-424A-89AE-FBA3B75AE925}.Release|Any CPU.Build.0 = Release|Any CPU
	EndGlobalSection
	GlobalSection(SolutionProperties) = preSolution
		HideSolutionNode = FALSE
	EndGlobalSection
	GlobalSection(NestedProjects) = preSolution
		{F25F171D-CA68-44B9-AFA4-8DB001AE628F} = {02EA681E-C7D8-13C7-8484-4AC65E1B71E8}
		{6D45C8A8-8BEE-4840-83BA-5340A073D246} = {02EA681E-C7D8-13C7-8484-4AC65E1B71E8}
		{82DE234E-8687-4A49-A4F5-F150A4E3452D} = {02EA681E-C7D8-13C7-8484-4AC65E1B71E8}
		{161D3FB0-21BC-424A-89AE-FBA3B75AE925} = {9D33FA8E-8173-436C-9B0F-4892C9DFEE21}
	EndGlobalSection
	GlobalSection(ExtensibilityGlobals) = postSolution
		SolutionGuid = {A9C37076-2807-4508-8B5D-89B7DC8702A1}
	EndGlobalSection
EndGlobal
